
Microsoft Visual Studio Solution File, Format Version 12.00
# Visual Studio Version 16
VisualStudioVersion = 16.0.31321.278
MinimumVisualStudioVersion = 10.0.40219.1
Project("{FAE04EC0-301F-11D3-BF4B-00C04F79EFBC}") = "Api.DapperTransaction", "Api.DapperTransaction\Api.DapperTransaction.csproj", "{53957597-1F21-4460-8590-8767F51C9227}"
EndProject
Project("{FAE04EC0-301F-11D3-BF4B-00C04F79EFBC}") = "Api.DapperTransaction.BLL", "Api.DapperTransaction.BLL\Api.DapperTransaction.BLL.csproj", "{D2736A7F-5FB7-4461-8747-3B3CCAE6DEDD}"
EndProject
Project("{FAE04EC0-301F-11D3-BF4B-00C04F79EFBC}") = "Api.DapperTransaction.DAL", "Api.DapperTransaction.DAL\Api.DapperTransaction.DAL.csproj", "{DBC5B01B-6495-4DE8-9CAB-A2509AC0CB5E}"
EndProject
Project("{FAE04EC0-301F-11D3-BF4B-00C04F79EFBC}") = "Api.DapperTransaction.MOD", "Api.DapperTransaction.MOD\Api.DapperTransaction.MOD.csproj", "{03108316-7675-40A5-B872-B610F760441E}"
EndProject
Global
	GlobalSection(SolutionConfigurationPlatforms) = preSolution
		Debug|Any CPU = Debug|Any CPU
		Release|Any CPU = Release|Any CPU
	EndGlobalSection
	GlobalSection(ProjectConfigurationPlatforms) = postSolution
		{53957597-1F21-4460-8590-8767F51C9227}.Debug|Any CPU.ActiveCfg = Debug|Any CPU
		{53957597-1F21-4460-8590-8767F51C9227}.Debug|Any CPU.Build.0 = Debug|Any CPU
		{53957597-1F21-4460-8590-8767F51C9227}.Release|Any CPU.ActiveCfg = Release|Any CPU
		{53957597-1F21-4460-8590-8767F51C9227}.Release|Any CPU.Build.0 = Release|Any CPU
		{D2736A7F-5FB7-4461-8747-3B3CCAE6DEDD}.Debug|Any CPU.ActiveCfg = Debug|Any CPU
		{D2736A7F-5FB7-4461-8747-3B3CCAE6DEDD}.Debug|Any CPU.Build.0 = Debug|Any CPU
		{D2736A7F-5FB7-4461-8747-3B3CCAE6DEDD}.Release|Any CPU.ActiveCfg = Release|Any CPU
		{D2736A7F-5FB7-4461-8747-3B3CCAE6DEDD}.Release|Any CPU.Build.0 = Release|Any CPU
		{DBC5B01B-6495-4DE8-9CAB-A2509AC0CB5E}.Debug|Any CPU.ActiveCfg = Debug|Any CPU
		{DBC5B01B-6495-4DE8-9CAB-A2509AC0CB5E}.Debug|Any CPU.Build.0 = Debug|Any CPU
		{DBC5B01B-6495-4DE8-9CAB-A2509AC0CB5E}.Release|Any CPU.ActiveCfg = Release|Any CPU
		{DBC5B01B-6495-4DE8-9CAB-A2509AC0CB5E}.Release|Any CPU.Build.0 = Release|Any CPU
		{03108316-7675-40A5-B872-B610F760441E}.Debug|Any CPU.ActiveCfg = Debug|Any CPU
		{03108316-7675-40A5-B872-B610F760441E}.Debug|Any CPU.Build.0 = Debug|Any CPU
		{03108316-7675-40A5-B872-B610F760441E}.Release|Any CPU.ActiveCfg = Release|Any CPU
		{03108316-7675-40A5-B872-B610F760441E}.Release|Any CPU.Build.0 = Release|Any CPU
	EndGlobalSection
	GlobalSection(SolutionProperties) = preSolution
		HideSolutionNode = FALSE
	EndGlobalSection
	GlobalSection(ExtensibilityGlobals) = postSolution
		SolutionGuid = {751FD3B6-C1B6-4002-90CE-9856C49E1C99}
	EndGlobalSection
EndGlobal
